// !$*UTF8*$!
{
	archiveVersion = 1;
	classes = {
	};
	objectVersion = 54;
	objects = {

/* Begin PBXBuildFile section */
		A58DD1652BA2F67D000C71A7 /* DataBaseManager.swift in Sources */ = {isa = PBXBuildFile; fileRef = A58DD1642BA2F67D000C71A7 /* DataBaseManager.swift */; };
		A58DD1682BA34AA8000C71A7 /* DataBaseCheck.swift in Sources */ = {isa = PBXBuildFile; fileRef = A58DD1672BA34AA8000C71A7 /* DataBaseCheck.swift */; };
		A58DD16A2BA34B2A000C71A7 /* SaveSites.swift in Sources */ = {isa = PBXBuildFile; fileRef = A58DD1692BA34B2A000C71A7 /* SaveSites.swift */; };
		A58DD16C2BA34E99000C71A7 /* SiteEntity.swift in Sources */ = {isa = PBXBuildFile; fileRef = A58DD16B2BA34E99000C71A7 /* SiteEntity.swift */; };
		A58DD16E2BA34EA7000C71A7 /* ChargerEntity.swift in Sources */ = {isa = PBXBuildFile; fileRef = A58DD16D2BA34EA7000C71A7 /* ChargerEntity.swift */; };
		A58DD1702BA34EBA000C71A7 /* ConnectorEntity.swift in Sources */ = {isa = PBXBuildFile; fileRef = A58DD16F2BA34EBA000C71A7 /* ConnectorEntity.swift */; };
		A58DD1732BA3522D000C71A7 /* EntityMappers.swift in Sources */ = {isa = PBXBuildFile; fileRef = A58DD1722BA3522D000C71A7 /* EntityMappers.swift */; };
		A58DD1752BA356DF000C71A7 /* DataBaseQuery.swift in Sources */ = {isa = PBXBuildFile; fileRef = A58DD1742BA356DF000C71A7 /* DataBaseQuery.swift */; };
		A58DD17A2BA35996000C71A7 /* SiteDomain.swift in Sources */ = {isa = PBXBuildFile; fileRef = A58DD1792BA35996000C71A7 /* SiteDomain.swift */; };
		A58DD17C2BA3AA56000C71A7 /* EvsesEntity.swift in Sources */ = {isa = PBXBuildFile; fileRef = A58DD17B2BA3AA56000C71A7 /* EvsesEntity.swift */; };
		A58DD17F2BA3B16A000C71A7 /* SiteAnnotation.swift in Sources */ = {isa = PBXBuildFile; fileRef = A58DD17E2BA3B16A000C71A7 /* SiteAnnotation.swift */; };
		A58DD1842BA3B88E000C71A7 /* SaveChargers.swift in Sources */ = {isa = PBXBuildFile; fileRef = A58DD1832BA3B88E000C71A7 /* SaveChargers.swift */; };
		A58DD1862BA3BBFB000C71A7 /* SaveEvses.swift in Sources */ = {isa = PBXBuildFile; fileRef = A58DD1852BA3BBFB000C71A7 /* SaveEvses.swift */; };
		A58DD1882BA3C1B4000C71A7 /* SaveConnectors.swift in Sources */ = {isa = PBXBuildFile; fileRef = A58DD1872BA3C1B4000C71A7 /* SaveConnectors.swift */; };
		A5CFE6A72B9C89C400073B82 /* AppDelegate.swift in Sources */ = {isa = PBXBuildFile; fileRef = A5CFE6A62B9C89C400073B82 /* AppDelegate.swift */; };
		A5CFE6A92B9C89C400073B82 /* SceneDelegate.swift in Sources */ = {isa = PBXBuildFile; fileRef = A5CFE6A82B9C89C400073B82 /* SceneDelegate.swift */; };
		A5CFE6B02B9C89C500073B82 /* Assets.xcassets in Resources */ = {isa = PBXBuildFile; fileRef = A5CFE6AF2B9C89C500073B82 /* Assets.xcassets */; };
		A5CFE6B32B9C89C500073B82 /* LaunchScreen.storyboard in Resources */ = {isa = PBXBuildFile; fileRef = A5CFE6B12B9C89C500073B82 /* LaunchScreen.storyboard */; };
		A5CFE6BD2B9CA92600073B82 /* MapViewController.swift in Sources */ = {isa = PBXBuildFile; fileRef = A5CFE6BC2B9CA92600073B82 /* MapViewController.swift */; };
		A5CFE6BF2B9CAB4B00073B82 /* Site.swift in Sources */ = {isa = PBXBuildFile; fileRef = A5CFE6BE2B9CAB4B00073B82 /* Site.swift */; };
		A5CFE6C12B9CAC4C00073B82 /* Location.swift in Sources */ = {isa = PBXBuildFile; fileRef = A5CFE6C02B9CAC4C00073B82 /* Location.swift */; };
		A5CFE6C42B9CAD6300073B82 /* Charger.swift in Sources */ = {isa = PBXBuildFile; fileRef = A5CFE6C32B9CAD6300073B82 /* Charger.swift */; };
		A5CFE6C62B9CAEE600073B82 /* Evse.swift in Sources */ = {isa = PBXBuildFile; fileRef = A5CFE6C52B9CAEE600073B82 /* Evse.swift */; };
		A5CFE6C82B9CB07900073B82 /* Connector.swift in Sources */ = {isa = PBXBuildFile; fileRef = A5CFE6C72B9CB07900073B82 /* Connector.swift */; };
		A5CFE6CC2B9CC8DE00073B82 /* SiteDetailViewController.swift in Sources */ = {isa = PBXBuildFile; fileRef = A5CFE6CB2B9CC8DE00073B82 /* SiteDetailViewController.swift */; };
		A5CFE6CE2B9F84E500073B82 /* NetworkManager.swift in Sources */ = {isa = PBXBuildFile; fileRef = A5CFE6CD2B9F84E500073B82 /* NetworkManager.swift */; };
		A5CFE6D02B9F878300073B82 /* SitesResponse.swift in Sources */ = {isa = PBXBuildFile; fileRef = A5CFE6CF2B9F878300073B82 /* SitesResponse.swift */; };
		A5CFE6D52B9F9D6100073B82 /* MapKit.framework in Frameworks */ = {isa = PBXBuildFile; fileRef = A5CFE6D42B9F9D6100073B82 /* MapKit.framework */; };
		A5CFE6F72B9FBD2A00073B82 /* ChargersResponse.swift in Sources */ = {isa = PBXBuildFile; fileRef = A5CFE6F62B9FBD2A00073B82 /* ChargersResponse.swift */; };
		A5CFE6F92BA0BA7D00073B82 /* ChargerDetailViewController.swift in Sources */ = {isa = PBXBuildFile; fileRef = A5CFE6F82BA0BA7D00073B82 /* ChargerDetailViewController.swift */; };
/* End PBXBuildFile section */

/* Begin PBXFileReference section */
		A58DD1642BA2F67D000C71A7 /* DataBaseManager.swift */ = {isa = PBXFileReference; lastKnownFileType = sourcecode.swift; path = DataBaseManager.swift; sourceTree = "<group>"; };
		A58DD1672BA34AA8000C71A7 /* DataBaseCheck.swift */ = {isa = PBXFileReference; lastKnownFileType = sourcecode.swift; path = DataBaseCheck.swift; sourceTree = "<group>"; };
		A58DD1692BA34B2A000C71A7 /* SaveSites.swift */ = {isa = PBXFileReference; lastKnownFileType = sourcecode.swift; path = SaveSites.swift; sourceTree = "<group>"; };
		A58DD16B2BA34E99000C71A7 /* SiteEntity.swift */ = {isa = PBXFileReference; lastKnownFileType = sourcecode.swift; path = SiteEntity.swift; sourceTree = "<group>"; };
		A58DD16D2BA34EA7000C71A7 /* ChargerEntity.swift */ = {isa = PBXFileReference; lastKnownFileType = sourcecode.swift; path = ChargerEntity.swift; sourceTree = "<group>"; };
		A58DD16F2BA34EBA000C71A7 /* ConnectorEntity.swift */ = {isa = PBXFileReference; lastKnownFileType = sourcecode.swift; path = ConnectorEntity.swift; sourceTree = "<group>"; };
		A58DD1722BA3522D000C71A7 /* EntityMappers.swift */ = {isa = PBXFileReference; lastKnownFileType = sourcecode.swift; path = EntityMappers.swift; sourceTree = "<group>"; };
		A58DD1742BA356DF000C71A7 /* DataBaseQuery.swift */ = {isa = PBXFileReference; lastKnownFileType = sourcecode.swift; path = DataBaseQuery.swift; sourceTree = "<group>"; };
		A58DD1792BA35996000C71A7 /* SiteDomain.swift */ = {isa = PBXFileReference; lastKnownFileType = sourcecode.swift; path = SiteDomain.swift; sourceTree = "<group>"; };
		A58DD17B2BA3AA56000C71A7 /* EvsesEntity.swift */ = {isa = PBXFileReference; lastKnownFileType = sourcecode.swift; path = EvsesEntity.swift; sourceTree = "<group>"; };
		A58DD17E2BA3B16A000C71A7 /* SiteAnnotation.swift */ = {isa = PBXFileReference; lastKnownFileType = sourcecode.swift; path = SiteAnnotation.swift; sourceTree = "<group>"; };
		A58DD1832BA3B88E000C71A7 /* SaveChargers.swift */ = {isa = PBXFileReference; lastKnownFileType = sourcecode.swift; path = SaveChargers.swift; sourceTree = "<group>"; };
		A58DD1852BA3BBFB000C71A7 /* SaveEvses.swift */ = {isa = PBXFileReference; lastKnownFileType = sourcecode.swift; path = SaveEvses.swift; sourceTree = "<group>"; };
		A58DD1872BA3C1B4000C71A7 /* SaveConnectors.swift */ = {isa = PBXFileReference; lastKnownFileType = sourcecode.swift; path = SaveConnectors.swift; sourceTree = "<group>"; };
		A5CFE6A32B9C89C400073B82 /* CodeChallengeEP.app */ = {isa = PBXFileReference; explicitFileType = wrapper.application; includeInIndex = 0; path = CodeChallengeEP.app; sourceTree = BUILT_PRODUCTS_DIR; };
		A5CFE6A62B9C89C400073B82 /* AppDelegate.swift */ = {isa = PBXFileReference; lastKnownFileType = sourcecode.swift; path = AppDelegate.swift; sourceTree = "<group>"; };
		A5CFE6A82B9C89C400073B82 /* SceneDelegate.swift */ = {isa = PBXFileReference; lastKnownFileType = sourcecode.swift; path = SceneDelegate.swift; sourceTree = "<group>"; };
		A5CFE6AF2B9C89C500073B82 /* Assets.xcassets */ = {isa = PBXFileReference; lastKnownFileType = folder.assetcatalog; path = Assets.xcassets; sourceTree = "<group>"; };
		A5CFE6B22B9C89C500073B82 /* Base */ = {isa = PBXFileReference; lastKnownFileType = file.storyboard; name = Base; path = Base.lproj/LaunchScreen.storyboard; sourceTree = "<group>"; };
		A5CFE6B42B9C89C500073B82 /* Info.plist */ = {isa = PBXFileReference; lastKnownFileType = text.plist.xml; path = Info.plist; sourceTree = "<group>"; };
		A5CFE6BC2B9CA92600073B82 /* MapViewController.swift */ = {isa = PBXFileReference; lastKnownFileType = sourcecode.swift; path = MapViewController.swift; sourceTree = "<group>"; };
		A5CFE6BE2B9CAB4B00073B82 /* Site.swift */ = {isa = PBXFileReference; lastKnownFileType = sourcecode.swift; path = Site.swift; sourceTree = "<group>"; };
		A5CFE6C02B9CAC4C00073B82 /* Location.swift */ = {isa = PBXFileReference; lastKnownFileType = sourcecode.swift; path = Location.swift; sourceTree = "<group>"; };
		A5CFE6C32B9CAD6300073B82 /* Charger.swift */ = {isa = PBXFileReference; lastKnownFileType = sourcecode.swift; path = Charger.swift; sourceTree = "<group>"; };
		A5CFE6C52B9CAEE600073B82 /* Evse.swift */ = {isa = PBXFileReference; lastKnownFileType = sourcecode.swift; path = Evse.swift; sourceTree = "<group>"; };
		A5CFE6C72B9CB07900073B82 /* Connector.swift */ = {isa = PBXFileReference; lastKnownFileType = sourcecode.swift; path = Connector.swift; sourceTree = "<group>"; };
		A5CFE6CB2B9CC8DE00073B82 /* SiteDetailViewController.swift */ = {isa = PBXFileReference; lastKnownFileType = sourcecode.swift; path = SiteDetailViewController.swift; sourceTree = "<group>"; };
		A5CFE6CD2B9F84E500073B82 /* NetworkManager.swift */ = {isa = PBXFileReference; fileEncoding = 4; lastKnownFileType = sourcecode.swift; name = NetworkManager.swift; path = ../../../../../.Trash/NetworkManager.swift; sourceTree = "<group>"; };
		A5CFE6CF2B9F878300073B82 /* SitesResponse.swift */ = {isa = PBXFileReference; lastKnownFileType = sourcecode.swift; path = SitesResponse.swift; sourceTree = "<group>"; };
		A5CFE6D42B9F9D6100073B82 /* MapKit.framework */ = {isa = PBXFileReference; lastKnownFileType = wrapper.framework; name = MapKit.framework; path = System/Library/Frameworks/MapKit.framework; sourceTree = SDKROOT; };
		A5CFE6F62B9FBD2A00073B82 /* ChargersResponse.swift */ = {isa = PBXFileReference; lastKnownFileType = sourcecode.swift; path = ChargersResponse.swift; sourceTree = "<group>"; };
		A5CFE6F82BA0BA7D00073B82 /* ChargerDetailViewController.swift */ = {isa = PBXFileReference; lastKnownFileType = sourcecode.swift; path = ChargerDetailViewController.swift; sourceTree = "<group>"; };
/* End PBXFileReference section */

/* Begin PBXFrameworksBuildPhase section */
		A5CFE6A02B9C89C400073B82 /* Frameworks */ = {
			isa = PBXFrameworksBuildPhase;
			buildActionMask = 2147483647;
			files = (
				A5CFE6D52B9F9D6100073B82 /* MapKit.framework in Frameworks */,
			);
			runOnlyForDeploymentPostprocessing = 0;
		};
/* End PBXFrameworksBuildPhase section */

/* Begin PBXGroup section */
		A58DD1632BA2F62C000C71A7 /* Cache */ = {
			isa = PBXGroup;
			children = (
				A58DD1812BA3B865000C71A7 /* DataQueries */,
				A58DD1802BA3B83A000C71A7 /* DataSave */,
				A58DD1642BA2F67D000C71A7 /* DataBaseManager.swift */,
				A58DD1672BA34AA8000C71A7 /* DataBaseCheck.swift */,
			);
			path = Cache;
			sourceTree = "<group>";
		};
		A58DD1662BA33CA2000C71A7 /* Entities */ = {
			isa = PBXGroup;
			children = (
				A58DD16B2BA34E99000C71A7 /* SiteEntity.swift */,
				A58DD16D2BA34EA7000C71A7 /* ChargerEntity.swift */,
				A58DD16F2BA34EBA000C71A7 /* ConnectorEntity.swift */,
				A58DD17B2BA3AA56000C71A7 /* EvsesEntity.swift */,
			);
			path = Entities;
			sourceTree = "<group>";
		};
		A58DD1712BA351C0000C71A7 /* Mappers */ = {
			isa = PBXGroup;
			children = (
				A58DD1722BA3522D000C71A7 /* EntityMappers.swift */,
			);
			path = Mappers;
			sourceTree = "<group>";
		};
		A58DD1762BA35745000C71A7 /* Domains */ = {
			isa = PBXGroup;
			children = (
				A58DD1792BA35996000C71A7 /* SiteDomain.swift */,
			);
			path = Domains;
			sourceTree = "<group>";
		};
		A58DD17D2BA3B155000C71A7 /* Utils */ = {
			isa = PBXGroup;
			children = (
				A58DD17E2BA3B16A000C71A7 /* SiteAnnotation.swift */,
			);
			path = Utils;
			sourceTree = "<group>";
		};
		A58DD1802BA3B83A000C71A7 /* DataSave */ = {
			isa = PBXGroup;
			children = (
				A58DD1692BA34B2A000C71A7 /* SaveSites.swift */,
				A58DD1832BA3B88E000C71A7 /* SaveChargers.swift */,
				A58DD1852BA3BBFB000C71A7 /* SaveEvses.swift */,
				A58DD1872BA3C1B4000C71A7 /* SaveConnectors.swift */,
			);
			path = DataSave;
			sourceTree = "<group>";
		};
		A58DD1812BA3B865000C71A7 /* DataQueries */ = {
			isa = PBXGroup;
			children = (
				A58DD1742BA356DF000C71A7 /* DataBaseQuery.swift */,
			);
			path = DataQueries;
			sourceTree = "<group>";
		};
		A5CFE69A2B9C89C400073B82 = {
			isa = PBXGroup;
			children = (
				A5CFE6A52B9C89C400073B82 /* CodeChallengeEP */,
				A5CFE6A42B9C89C400073B82 /* Products */,
				A5CFE6D32B9F9D6100073B82 /* Frameworks */,
			);
			sourceTree = "<group>";
		};
		A5CFE6A42B9C89C400073B82 /* Products */ = {
			isa = PBXGroup;
			children = (
				A5CFE6A32B9C89C400073B82 /* CodeChallengeEP.app */,
			);
			name = Products;
			sourceTree = "<group>";
		};
		A5CFE6A52B9C89C400073B82 /* CodeChallengeEP */ = {
			isa = PBXGroup;
			children = (
				A58DD17D2BA3B155000C71A7 /* Utils */,
				A58DD1762BA35745000C71A7 /* Domains */,
				A58DD1712BA351C0000C71A7 /* Mappers */,
				A58DD1662BA33CA2000C71A7 /* Entities */,
				A58DD1632BA2F62C000C71A7 /* Cache */,
				A5CFE6CA2B9CC89B00073B82 /* Controller */,
				A5CFE6C92B9CC4D800073B82 /* Remote */,
				A5CFE6C22B9CAC8900073B82 /* Models */,
				A5CFE6A62B9C89C400073B82 /* AppDelegate.swift */,
				A5CFE6A82B9C89C400073B82 /* SceneDelegate.swift */,
				A5CFE6AF2B9C89C500073B82 /* Assets.xcassets */,
				A5CFE6B12B9C89C500073B82 /* LaunchScreen.storyboard */,
				A5CFE6B42B9C89C500073B82 /* Info.plist */,
			);
			path = CodeChallengeEP;
			sourceTree = "<group>";
		};
		A5CFE6C22B9CAC8900073B82 /* Models */ = {
			isa = PBXGroup;
			children = (
				A5CFE6C02B9CAC4C00073B82 /* Location.swift */,
				A5CFE6BE2B9CAB4B00073B82 /* Site.swift */,
				A5CFE6C32B9CAD6300073B82 /* Charger.swift */,
				A5CFE6C52B9CAEE600073B82 /* Evse.swift */,
				A5CFE6C72B9CB07900073B82 /* Connector.swift */,
				A5CFE6CF2B9F878300073B82 /* SitesResponse.swift */,
				A5CFE6F62B9FBD2A00073B82 /* ChargersResponse.swift */,
			);
			path = Models;
			sourceTree = "<group>";
		};
		A5CFE6C92B9CC4D800073B82 /* Remote */ = {
			isa = PBXGroup;
			children = (
				A5CFE6CD2B9F84E500073B82 /* NetworkManager.swift */,
			);
			path = Remote;
			sourceTree = "<group>";
		};
		A5CFE6CA2B9CC89B00073B82 /* Controller */ = {
			isa = PBXGroup;
			children = (
				A5CFE6CB2B9CC8DE00073B82 /* SiteDetailViewController.swift */,
				A5CFE6BC2B9CA92600073B82 /* MapViewController.swift */,
				A5CFE6F82BA0BA7D00073B82 /* ChargerDetailViewController.swift */,
			);
			path = Controller;
			sourceTree = "<group>";
		};
		A5CFE6D32B9F9D6100073B82 /* Frameworks */ = {
			isa = PBXGroup;
			children = (
				A5CFE6D42B9F9D6100073B82 /* MapKit.framework */,
			);
			name = Frameworks;
			sourceTree = "<group>";
		};
/* End PBXGroup section */

/* Begin PBXNativeTarget section */
		A5CFE6A22B9C89C400073B82 /* CodeChallengeEP */ = {
			isa = PBXNativeTarget;
			buildConfigurationList = A5CFE6B72B9C89C500073B82 /* Build configuration list for PBXNativeTarget "CodeChallengeEP" */;
			buildPhases = (
				A5CFE69F2B9C89C400073B82 /* Sources */,
				A5CFE6A02B9C89C400073B82 /* Frameworks */,
				A5CFE6A12B9C89C400073B82 /* Resources */,
			);
			buildRules = (
			);
			dependencies = (
			);
			name = CodeChallengeEP;
			productName = CodeChallengeEP;
			productReference = A5CFE6A32B9C89C400073B82 /* CodeChallengeEP.app */;
			productType = "com.apple.product-type.application";
		};
/* End PBXNativeTarget section */

/* Begin PBXProject section */
		A5CFE69B2B9C89C400073B82 /* Project object */ = {
			isa = PBXProject;
			attributes = {
				LastSwiftUpdateCheck = 1250;
				LastUpgradeCheck = 1250;
				TargetAttributes = {
					A5CFE6A22B9C89C400073B82 = {
						CreatedOnToolsVersion = 12.5;
					};
				};
			};
			buildConfigurationList = A5CFE69E2B9C89C400073B82 /* Build configuration list for PBXProject "CodeChallengeEP" */;
			compatibilityVersion = "Xcode 12.0";
			developmentRegion = en;
			hasScannedForEncodings = 0;
			knownRegions = (
				en,
				Base,
			);
			mainGroup = A5CFE69A2B9C89C400073B82;
			productRefGroup = A5CFE6A42B9C89C400073B82 /* Products */;
			projectDirPath = "";
			projectRoot = "";
			targets = (
				A5CFE6A22B9C89C400073B82 /* CodeChallengeEP */,
			);
		};
/* End PBXProject section */

/* Begin PBXResourcesBuildPhase section */
		A5CFE6A12B9C89C400073B82 /* Resources */ = {
			isa = PBXResourcesBuildPhase;
			buildActionMask = 2147483647;
			files = (
				A5CFE6B32B9C89C500073B82 /* LaunchScreen.storyboard in Resources */,
				A5CFE6B02B9C89C500073B82 /* Assets.xcassets in Resources */,
			);
			runOnlyForDeploymentPostprocessing = 0;
		};
/* End PBXResourcesBuildPhase section */

/* Begin PBXSourcesBuildPhase section */
		A5CFE69F2B9C89C400073B82 /* Sources */ = {
			isa = PBXSourcesBuildPhase;
			buildActionMask = 2147483647;
			files = (
				A5CFE6A72B9C89C400073B82 /* AppDelegate.swift in Sources */,
				A58DD16A2BA34B2A000C71A7 /* SaveSites.swift in Sources */,
				A58DD1702BA34EBA000C71A7 /* ConnectorEntity.swift in Sources */,
				A58DD1682BA34AA8000C71A7 /* DataBaseCheck.swift in Sources */,
				A5CFE6A92B9C89C400073B82 /* SceneDelegate.swift in Sources */,
				A5CFE6C82B9CB07900073B82 /* Connector.swift in Sources */,
				A58DD1842BA3B88E000C71A7 /* SaveChargers.swift in Sources */,
				A58DD16C2BA34E99000C71A7 /* SiteEntity.swift in Sources */,
				A58DD17F2BA3B16A000C71A7 /* SiteAnnotation.swift in Sources */,
				A5CFE6CE2B9F84E500073B82 /* NetworkManager.swift in Sources */,
				A58DD17A2BA35996000C71A7 /* SiteDomain.swift in Sources */,
				A58DD1652BA2F67D000C71A7 /* DataBaseManager.swift in Sources */,
				A5CFE6BD2B9CA92600073B82 /* MapViewController.swift in Sources */,
				A58DD16E2BA34EA7000C71A7 /* ChargerEntity.swift in Sources */,
				A58DD17C2BA3AA56000C71A7 /* EvsesEntity.swift in Sources */,
				A58DD1752BA356DF000C71A7 /* DataBaseQuery.swift in Sources */,
				A5CFE6F92BA0BA7D00073B82 /* ChargerDetailViewController.swift in Sources */,
				A58DD1882BA3C1B4000C71A7 /* SaveConnectors.swift in Sources */,
				A58DD1862BA3BBFB000C71A7 /* SaveEvses.swift in Sources */,
				A5CFE6C62B9CAEE600073B82 /* Evse.swift in Sources */,
				A5CFE6C42B9CAD6300073B82 /* Charger.swift in Sources */,
				A5CFE6BF2B9CAB4B00073B82 /* Site.swift in Sources */,
				A5CFE6D02B9F878300073B82 /* SitesResponse.swift in Sources */,
				A58DD1732BA3522D000C71A7 /* EntityMappers.swift in Sources */,
				A5CFE6C12B9CAC4C00073B82 /* Location.swift in Sources */,
				A5CFE6CC2B9CC8DE00073B82 /* SiteDetailViewController.swift in Sources */,
				A5CFE6F72B9FBD2A00073B82 /* ChargersResponse.swift in Sources */,
			);
			runOnlyForDeploymentPostprocessing = 0;
		};
/* End PBXSourcesBuildPhase section */

/* Begin PBXVariantGroup section */
		A5CFE6B12B9C89C500073B82 /* LaunchScreen.storyboard */ = {
			isa = PBXVariantGroup;
			children = (
				A5CFE6B22B9C89C500073B82 /* Base */,
			);
			name = LaunchScreen.storyboard;
			sourceTree = "<group>";
		};
/* End PBXVariantGroup section */

/* Begin XCBuildConfiguration section */
		A5CFE6B52B9C89C500073B82 /* Debug */ = {
			isa = XCBuildConfiguration;
			buildSettings = {
				ALWAYS_SEARCH_USER_PATHS = NO;
				CLANG_ANALYZER_NONNULL = YES;
				CLANG_ANALYZER_NUMBER_OBJECT_CONVERSION = YES_AGGRESSIVE;
				CLANG_CXX_LANGUAGE_STANDARD = "gnu++14";
				CLANG_CXX_LIBRARY = "libc++";
				CLANG_ENABLE_MODULES = YES;
				CLANG_ENABLE_OBJC_ARC = YES;
				CLANG_ENABLE_OBJC_WEAK = YES;
				CLANG_WARN_BLOCK_CAPTURE_AUTORELEASING = YES;
				CLANG_WARN_BOOL_CONVERSION = YES;
				CLANG_WARN_COMMA = YES;
				CLANG_WARN_CONSTANT_CONVERSION = YES;
				CLANG_WARN_DEPRECATED_OBJC_IMPLEMENTATIONS = YES;
				CLANG_WARN_DIRECT_OBJC_ISA_USAGE = YES_ERROR;
				CLANG_WARN_DOCUMENTATION_COMMENTS = YES;
				CLANG_WARN_EMPTY_BODY = YES;
				CLANG_WARN_ENUM_CONVERSION = YES;
				CLANG_WARN_INFINITE_RECURSION = YES;
				CLANG_WARN_INT_CONVERSION = YES;
				CLANG_WARN_NON_LITERAL_NULL_CONVERSION = YES;
				CLANG_WARN_OBJC_IMPLICIT_RETAIN_SELF = YES;
				CLANG_WARN_OBJC_LITERAL_CONVERSION = YES;
				CLANG_WARN_OBJC_ROOT_CLASS = YES_ERROR;
				CLANG_WARN_QUOTED_INCLUDE_IN_FRAMEWORK_HEADER = YES;
				CLANG_WARN_RANGE_LOOP_ANALYSIS = YES;
				CLANG_WARN_STRICT_PROTOTYPES = YES;
				CLANG_WARN_SUSPICIOUS_MOVE = YES;
				CLANG_WARN_UNGUARDED_AVAILABILITY = YES_AGGRESSIVE;
				CLANG_WARN_UNREACHABLE_CODE = YES;
				CLANG_WARN__DUPLICATE_METHOD_MATCH = YES;
				COPY_PHASE_STRIP = NO;
				DEBUG_INFORMATION_FORMAT = dwarf;
				ENABLE_STRICT_OBJC_MSGSEND = YES;
				ENABLE_TESTABILITY = YES;
				GCC_C_LANGUAGE_STANDARD = gnu11;
				GCC_DYNAMIC_NO_PIC = NO;
				GCC_NO_COMMON_BLOCKS = YES;
				GCC_OPTIMIZATION_LEVEL = 0;
				GCC_PREPROCESSOR_DEFINITIONS = (
					"DEBUG=1",
					"$(inherited)",
				);
				GCC_WARN_64_TO_32_BIT_CONVERSION = YES;
				GCC_WARN_ABOUT_RETURN_TYPE = YES_ERROR;
				GCC_WARN_UNDECLARED_SELECTOR = YES;
				GCC_WARN_UNINITIALIZED_AUTOS = YES_AGGRESSIVE;
				GCC_WARN_UNUSED_FUNCTION = YES;
				GCC_WARN_UNUSED_VARIABLE = YES;
				IPHONEOS_DEPLOYMENT_TARGET = 14.5;
				MTL_ENABLE_DEBUG_INFO = INCLUDE_SOURCE;
				MTL_FAST_MATH = YES;
				ONLY_ACTIVE_ARCH = YES;
				SDKROOT = iphoneos;
				SWIFT_ACTIVE_COMPILATION_CONDITIONS = DEBUG;
				SWIFT_OPTIMIZATION_LEVEL = "-Onone";
			};
			name = Debug;
		};
		A5CFE6B62B9C89C500073B82 /* Release */ = {
			isa = XCBuildConfiguration;
			buildSettings = {
				ALWAYS_SEARCH_USER_PATHS = NO;
				CLANG_ANALYZER_NONNULL = YES;
				CLANG_ANALYZER_NUMBER_OBJECT_CONVERSION = YES_AGGRESSIVE;
				CLANG_CXX_LANGUAGE_STANDARD = "gnu++14";
				CLANG_CXX_LIBRARY = "libc++";
				CLANG_ENABLE_MODULES = YES;
				CLANG_ENABLE_OBJC_ARC = YES;
				CLANG_ENABLE_OBJC_WEAK = YES;
				CLANG_WARN_BLOCK_CAPTURE_AUTORELEASING = YES;
				CLANG_WARN_BOOL_CONVERSION = YES;
				CLANG_WARN_COMMA = YES;
				CLANG_WARN_CONSTANT_CONVERSION = YES;
				CLANG_WARN_DEPRECATED_OBJC_IMPLEMENTATIONS = YES;
				CLANG_WARN_DIRECT_OBJC_ISA_USAGE = YES_ERROR;
				CLANG_WARN_DOCUMENTATION_COMMENTS = YES;
				CLANG_WARN_EMPTY_BODY = YES;
				CLANG_WARN_ENUM_CONVERSION = YES;
				CLANG_WARN_INFINITE_RECURSION = YES;
				CLANG_WARN_INT_CONVERSION = YES;
				CLANG_WARN_NON_LITERAL_NULL_CONVERSION = YES;
				CLANG_WARN_OBJC_IMPLICIT_RETAIN_SELF = YES;
				CLANG_WARN_OBJC_LITERAL_CONVERSION = YES;
				CLANG_WARN_OBJC_ROOT_CLASS = YES_ERROR;
				CLANG_WARN_QUOTED_INCLUDE_IN_FRAMEWORK_HEADER = YES;
				CLANG_WARN_RANGE_LOOP_ANALYSIS = YES;
				CLANG_WARN_STRICT_PROTOTYPES = YES;
				CLANG_WARN_SUSPICIOUS_MOVE = YES;
				CLANG_WARN_UNGUARDED_AVAILABILITY = YES_AGGRESSIVE;
				CLANG_WARN_UNREACHABLE_CODE = YES;
				CLANG_WARN__DUPLICATE_METHOD_MATCH = YES;
				COPY_PHASE_STRIP = NO;
				DEBUG_INFORMATION_FORMAT = "dwarf-with-dsym";
				ENABLE_NS_ASSERTIONS = NO;
				ENABLE_STRICT_OBJC_MSGSEND = YES;
				GCC_C_LANGUAGE_STANDARD = gnu11;
				GCC_NO_COMMON_BLOCKS = YES;
				GCC_WARN_64_TO_32_BIT_CONVERSION = YES;
				GCC_WARN_ABOUT_RETURN_TYPE = YES_ERROR;
				GCC_WARN_UNDECLARED_SELECTOR = YES;
				GCC_WARN_UNINITIALIZED_AUTOS = YES_AGGRESSIVE;
				GCC_WARN_UNUSED_FUNCTION = YES;
				GCC_WARN_UNUSED_VARIABLE = YES;
				IPHONEOS_DEPLOYMENT_TARGET = 14.5;
				MTL_ENABLE_DEBUG_INFO = NO;
				MTL_FAST_MATH = YES;
				SDKROOT = iphoneos;
				SWIFT_COMPILATION_MODE = wholemodule;
				SWIFT_OPTIMIZATION_LEVEL = "-O";
				VALIDATE_PRODUCT = YES;
			};
			name = Release;
		};
		A5CFE6B82B9C89C500073B82 /* Debug */ = {
			isa = XCBuildConfiguration;
			buildSettings = {
				ASSETCATALOG_COMPILER_APPICON_NAME = AppIcon;
				ASSETCATALOG_COMPILER_GLOBAL_ACCENT_COLOR_NAME = AccentColor;
				CODE_SIGN_STYLE = Automatic;
				DEVELOPMENT_TEAM = 4NQXU6J399;
				INFOPLIST_FILE = CodeChallengeEP/Info.plist;
				LD_RUNPATH_SEARCH_PATHS = (
					"$(inherited)",
					"@executable_path/Frameworks",
				);
				PRODUCT_BUNDLE_IDENTIFIER = SammyCalle.CodeChallengeEP;
				PRODUCT_NAME = "$(TARGET_NAME)";
				SWIFT_VERSION = 5.0;
				TARGETED_DEVICE_FAMILY = "1,2";
			};
			name = Debug;
		};
		A5CFE6B92B9C89C500073B82 /* Release */ = {
			isa = XCBuildConfiguration;
			buildSettings = {
				ASSETCATALOG_COMPILER_APPICON_NAME = AppIcon;
				ASSETCATALOG_COMPILER_GLOBAL_ACCENT_COLOR_NAME = AccentColor;
				CODE_SIGN_STYLE = Automatic;
				DEVELOPMENT_TEAM = 4NQXU6J399;
				INFOPLIST_FILE = CodeChallengeEP/Info.plist;
				LD_RUNPATH_SEARCH_PATHS = (
					"$(inherited)",
					"@executable_path/Frameworks",
				);
				PRODUCT_BUNDLE_IDENTIFIER = SammyCalle.CodeChallengeEP;
				PRODUCT_NAME = "$(TARGET_NAME)";
				SWIFT_VERSION = 5.0;
				TARGETED_DEVICE_FAMILY = "1,2";
			};
			name = Release;
		};
/* End XCBuildConfiguration section */

/* Begin XCConfigurationList section */
		A5CFE69E2B9C89C400073B82 /* Build configuration list for PBXProject "CodeChallengeEP" */ = {
			isa = XCConfigurationList;
			buildConfigurations = (
				A5CFE6B52B9C89C500073B82 /* Debug */,
				A5CFE6B62B9C89C500073B82 /* Release */,
			);
			defaultConfigurationIsVisible = 0;
			defaultConfigurationName = Release;
		};
		A5CFE6B72B9C89C500073B82 /* Build configuration list for PBXNativeTarget "CodeChallengeEP" */ = {
			isa = XCConfigurationList;
			buildConfigurations = (
				A5CFE6B82B9C89C500073B82 /* Debug */,
				A5CFE6B92B9C89C500073B82 /* Release */,
			);
			defaultConfigurationIsVisible = 0;
			defaultConfigurationName = Release;
		};
/* End XCConfigurationList section */
	};
	rootObject = A5CFE69B2B9C89C400073B82 /* Project object */;
}
