// !$*UTF8*$!
{
	archiveVersion = 1;
	classes = {
	};
	objectVersion = 50;
	objects = {

/* Begin PBXBuildFile section */
		A5CFE6A72B9C89C400073B82 /* AppDelegate.swift in Sources */ = {isa = PBXBuildFile; fileRef = A5CFE6A62B9C89C400073B82 /* AppDelegate.swift */; };
		A5CFE6A92B9C89C400073B82 /* SceneDelegate.swift in Sources */ = {isa = PBXBuildFile; fileRef = A5CFE6A82B9C89C400073B82 /* SceneDelegate.swift */; };
		A5CFE6AB2B9C89C400073B82 /* ViewController.swift in Sources */ = {isa = PBXBuildFile; fileRef = A5CFE6AA2B9C89C400073B82 /* ViewController.swift */; };
		A5CFE6AE2B9C89C400073B82 /* Main.storyboard in Resources */ = {isa = PBXBuildFile; fileRef = A5CFE6AC2B9C89C400073B82 /* Main.storyboard */; };
		A5CFE6B02B9C89C500073B82 /* Assets.xcassets in Resources */ = {isa = PBXBuildFile; fileRef = A5CFE6AF2B9C89C500073B82 /* Assets.xcassets */; };
		A5CFE6B32B9C89C500073B82 /* LaunchScreen.storyboard in Resources */ = {isa = PBXBuildFile; fileRef = A5CFE6B12B9C89C500073B82 /* LaunchScreen.storyboard */; };
/* End PBXBuildFile section */

/* Begin PBXFileReference section */
		A5CFE6A32B9C89C400073B82 /* CodeChallengeEP.app */ = {isa = PBXFileReference; explicitFileType = wrapper.application; includeInIndex = 0; path = CodeChallengeEP.app; sourceTree = BUILT_PRODUCTS_DIR; };
		A5CFE6A62B9C89C400073B82 /* AppDelegate.swift */ = {isa = PBXFileReference; lastKnownFileType = sourcecode.swift; path = AppDelegate.swift; sourceTree = "<group>"; };
		A5CFE6A82B9C89C400073B82 /* SceneDelegate.swift */ = {isa = PBXFileReference; lastKnownFileType = sourcecode.swift; path = SceneDelegate.swift; sourceTree = "<group>"; };
		A5CFE6AA2B9C89C400073B82 /* ViewController.swift */ = {isa = PBXFileReference; lastKnownFileType = sourcecode.swift; path = ViewController.swift; sourceTree = "<group>"; };
		A5CFE6AD2B9C89C400073B82 /* Base */ = {isa = PBXFileReference; lastKnownFileType = file.storyboard; name = Base; path = Base.lproj/Main.storyboard; sourceTree = "<group>"; };
		A5CFE6AF2B9C89C500073B82 /* Assets.xcassets */ = {isa = PBXFileReference; lastKnownFileType = folder.assetcatalog; path = Assets.xcassets; sourceTree = "<group>"; };
		A5CFE6B22B9C89C500073B82 /* Base */ = {isa = PBXFileReference; lastKnownFileType = file.storyboard; name = Base; path = Base.lproj/LaunchScreen.storyboard; sourceTree = "<group>"; };
		A5CFE6B42B9C89C500073B82 /* Info.plist */ = {isa = PBXFileReference; lastKnownFileType = text.plist.xml; path = Info.plist; sourceTree = "<group>"; };
/* End PBXFileReference section */

/* Begin PBXFrameworksBuildPhase section */
		A5CFE6A02B9C89C400073B82 /* Frameworks */ = {
			isa = PBXFrameworksBuildPhase;
			buildActionMask = 2147483647;
			files = (
			);
			runOnlyForDeploymentPostprocessing = 0;
		};
/* End PBXFrameworksBuildPhase section */

/* Begin PBXGroup section */
		A5CFE69A2B9C89C400073B82 = {
			isa = PBXGroup;
			children = (
				A5CFE6A52B9C89C400073B82 /* CodeChallengeEP */,
				A5CFE6A42B9C89C400073B82 /* Products */,
			);
			sourceTree = "<group>";
		};
		A5CFE6A42B9C89C400073B82 /* Products */ = {
			isa = PBXGroup;
			children = (
				A5CFE6A32B9C89C400073B82 /* CodeChallengeEP.app */,
			);
			name = Products;
			sourceTree = "<group>";
		};
		A5CFE6A52B9C89C400073B82 /* CodeChallengeEP */ = {
			isa = PBXGroup;
			children = (
				A5CFE6A62B9C89C400073B82 /* AppDelegate.swift */,
				A5CFE6A82B9C89C400073B82 /* SceneDelegate.swift */,
				A5CFE6AA2B9C89C400073B82 /* ViewController.swift */,
				A5CFE6AC2B9C89C400073B82 /* Main.storyboard */,
				A5CFE6AF2B9C89C500073B82 /* Assets.xcassets */,
				A5CFE6B12B9C89C500073B82 /* LaunchScreen.storyboard */,
				A5CFE6B42B9C89C500073B82 /* Info.plist */,
			);
			path = CodeChallengeEP;
			sourceTree = "<group>";
		};
/* End PBXGroup section */

/* Begin PBXNativeTarget section */
		A5CFE6A22B9C89C400073B82 /* CodeChallengeEP */ = {
			isa = PBXNativeTarget;
			buildConfigurationList = A5CFE6B72B9C89C500073B82 /* Build configuration list for PBXNativeTarget "CodeChallengeEP" */;
			buildPhases = (
				A5CFE69F2B9C89C400073B82 /* Sources */,
				A5CFE6A02B9C89C400073B82 /* Frameworks */,
				A5CFE6A12B9C89C400073B82 /* Resources */,
			);
			buildRules = (
			);
			dependencies = (
			);
			name = CodeChallengeEP;
			productName = CodeChallengeEP;
			productReference = A5CFE6A32B9C89C400073B82 /* CodeChallengeEP.app */;
			productType = "com.apple.product-type.application";
		};
/* End PBXNativeTarget section */

/* Begin PBXProject section */
		A5CFE69B2B9C89C400073B82 /* Project object */ = {
			isa = PBXProject;
			attributes = {
				LastSwiftUpdateCheck = 1250;
				LastUpgradeCheck = 1250;
				TargetAttributes = {
					A5CFE6A22B9C89C400073B82 = {
						CreatedOnToolsVersion = 12.5;
					};
				};
			};
			buildConfigurationList = A5CFE69E2B9C89C400073B82 /* Build configuration list for PBXProject "CodeChallengeEP" */;
			compatibilityVersion = "Xcode 9.3";
			developmentRegion = en;
			hasScannedForEncodings = 0;
			knownRegions = (
				en,
				Base,
			);
			mainGroup = A5CFE69A2B9C89C400073B82;
			productRefGroup = A5CFE6A42B9C89C400073B82 /* Products */;
			projectDirPath = "";
			projectRoot = "";
			targets = (
				A5CFE6A22B9C89C400073B82 /* CodeChallengeEP */,
			);
		};
/* End PBXProject section */

/* Begin PBXResourcesBuildPhase section */
		A5CFE6A12B9C89C400073B82 /* Resources */ = {
			isa = PBXResourcesBuildPhase;
			buildActionMask = 2147483647;
			files = (
				A5CFE6B32B9C89C500073B82 /* LaunchScreen.storyboard in Resources */,
				A5CFE6B02B9C89C500073B82 /* Assets.xcassets in Resources */,
				A5CFE6AE2B9C89C400073B82 /* Main.storyboard in Resources */,
			);
			runOnlyForDeploymentPostprocessing = 0;
		};
/* End PBXResourcesBuildPhase section */

/* Begin PBXSourcesBuildPhase section */
		A5CFE69F2B9C89C400073B82 /* Sources */ = {
			isa = PBXSourcesBuildPhase;
			buildActionMask = 2147483647;
			files = (
				A5CFE6AB2B9C89C400073B82 /* ViewController.swift in Sources */,
				A5CFE6A72B9C89C400073B82 /* AppDelegate.swift in Sources */,
				A5CFE6A92B9C89C400073B82 /* SceneDelegate.swift in Sources */,
			);
			runOnlyForDeploymentPostprocessing = 0;
		};
/* End PBXSourcesBuildPhase section */

/* Begin PBXVariantGroup section */
		A5CFE6AC2B9C89C400073B82 /* Main.storyboard */ = {
			isa = PBXVariantGroup;
			children = (
				A5CFE6AD2B9C89C400073B82 /* Base */,
			);
			name = Main.storyboard;
			sourceTree = "<group>";
		};
		A5CFE6B12B9C89C500073B82 /* LaunchScreen.storyboard */ = {
			isa = PBXVariantGroup;
			children = (
				A5CFE6B22B9C89C500073B82 /* Base */,
			);
			name = LaunchScreen.storyboard;
			sourceTree = "<group>";
		};
/* End PBXVariantGroup section */

/* Begin XCBuildConfiguration section */
		A5CFE6B52B9C89C500073B82 /* Debug */ = {
			isa = XCBuildConfiguration;
			buildSettings = {
				ALWAYS_SEARCH_USER_PATHS = NO;
				CLANG_ANALYZER_NONNULL = YES;
				CLANG_ANALYZER_NUMBER_OBJECT_CONVERSION = YES_AGGRESSIVE;
				CLANG_CXX_LANGUAGE_STANDARD = "gnu++14";
				CLANG_CXX_LIBRARY = "libc++";
				CLANG_ENABLE_MODULES = YES;
				CLANG_ENABLE_OBJC_ARC = YES;
				CLANG_ENABLE_OBJC_WEAK = YES;
				CLANG_WARN_BLOCK_CAPTURE_AUTORELEASING = YES;
				CLANG_WARN_BOOL_CONVERSION = YES;
				CLANG_WARN_COMMA = YES;
				CLANG_WARN_CONSTANT_CONVERSION = YES;
				CLANG_WARN_DEPRECATED_OBJC_IMPLEMENTATIONS = YES;
				CLANG_WARN_DIRECT_OBJC_ISA_USAGE = YES_ERROR;
				CLANG_WARN_DOCUMENTATION_COMMENTS = YES;
				CLANG_WARN_EMPTY_BODY = YES;
				CLANG_WARN_ENUM_CONVERSION = YES;
				CLANG_WARN_INFINITE_RECURSION = YES;
				CLANG_WARN_INT_CONVERSION = YES;
				CLANG_WARN_NON_LITERAL_NULL_CONVERSION = YES;
				CLANG_WARN_OBJC_IMPLICIT_RETAIN_SELF = YES;
				CLANG_WARN_OBJC_LITERAL_CONVERSION = YES;
				CLANG_WARN_OBJC_ROOT_CLASS = YES_ERROR;
				CLANG_WARN_QUOTED_INCLUDE_IN_FRAMEWORK_HEADER = YES;
				CLANG_WARN_RANGE_LOOP_ANALYSIS = YES;
				CLANG_WARN_STRICT_PROTOTYPES = YES;
				CLANG_WARN_SUSPICIOUS_MOVE = YES;
				CLANG_WARN_UNGUARDED_AVAILABILITY = YES_AGGRESSIVE;
				CLANG_WARN_UNREACHABLE_CODE = YES;
				CLANG_WARN__DUPLICATE_METHOD_MATCH = YES;
				COPY_PHASE_STRIP = NO;
				DEBUG_INFORMATION_FORMAT = dwarf;
				ENABLE_STRICT_OBJC_MSGSEND = YES;
				ENABLE_TESTABILITY = YES;
				GCC_C_LANGUAGE_STANDARD = gnu11;
				GCC_DYNAMIC_NO_PIC = NO;
				GCC_NO_COMMON_BLOCKS = YES;
				GCC_OPTIMIZATION_LEVEL = 0;
				GCC_PREPROCESSOR_DEFINITIONS = (
					"DEBUG=1",
					"$(inherited)",
				);
				GCC_WARN_64_TO_32_BIT_CONVERSION = YES;
				GCC_WARN_ABOUT_RETURN_TYPE = YES_ERROR;
				GCC_WARN_UNDECLARED_SELECTOR = YES;
				GCC_WARN_UNINITIALIZED_AUTOS = YES_AGGRESSIVE;
				GCC_WARN_UNUSED_FUNCTION = YES;
				GCC_WARN_UNUSED_VARIABLE = YES;
				IPHONEOS_DEPLOYMENT_TARGET = 14.5;
				MTL_ENABLE_DEBUG_INFO = INCLUDE_SOURCE;
				MTL_FAST_MATH = YES;
				ONLY_ACTIVE_ARCH = YES;
				SDKROOT = iphoneos;
				SWIFT_ACTIVE_COMPILATION_CONDITIONS = DEBUG;
				SWIFT_OPTIMIZATION_LEVEL = "-Onone";
			};
			name = Debug;
		};
		A5CFE6B62B9C89C500073B82 /* Release */ = {
			isa = XCBuildConfiguration;
			buildSettings = {
				ALWAYS_SEARCH_USER_PATHS = NO;
				CLANG_ANALYZER_NONNULL = YES;
				CLANG_ANALYZER_NUMBER_OBJECT_CONVERSION = YES_AGGRESSIVE;
				CLANG_CXX_LANGUAGE_STANDARD = "gnu++14";
				CLANG_CXX_LIBRARY = "libc++";
				CLANG_ENABLE_MODULES = YES;
				CLANG_ENABLE_OBJC_ARC = YES;
				CLANG_ENABLE_OBJC_WEAK = YES;
				CLANG_WARN_BLOCK_CAPTURE_AUTORELEASING = YES;
				CLANG_WARN_BOOL_CONVERSION = YES;
				CLANG_WARN_COMMA = YES;
				CLANG_WARN_CONSTANT_CONVERSION = YES;
				CLANG_WARN_DEPRECATED_OBJC_IMPLEMENTATIONS = YES;
				CLANG_WARN_DIRECT_OBJC_ISA_USAGE = YES_ERROR;
				CLANG_WARN_DOCUMENTATION_COMMENTS = YES;
				CLANG_WARN_EMPTY_BODY = YES;
				CLANG_WARN_ENUM_CONVERSION = YES;
				CLANG_WARN_INFINITE_RECURSION = YES;
				CLANG_WARN_INT_CONVERSION = YES;
				CLANG_WARN_NON_LITERAL_NULL_CONVERSION = YES;
				CLANG_WARN_OBJC_IMPLICIT_RETAIN_SELF = YES;
				CLANG_WARN_OBJC_LITERAL_CONVERSION = YES;
				CLANG_WARN_OBJC_ROOT_CLASS = YES_ERROR;
				CLANG_WARN_QUOTED_INCLUDE_IN_FRAMEWORK_HEADER = YES;
				CLANG_WARN_RANGE_LOOP_ANALYSIS = YES;
				CLANG_WARN_STRICT_PROTOTYPES = YES;
				CLANG_WARN_SUSPICIOUS_MOVE = YES;
				CLANG_WARN_UNGUARDED_AVAILABILITY = YES_AGGRESSIVE;
				CLANG_WARN_UNREACHABLE_CODE = YES;
				CLANG_WARN__DUPLICATE_METHOD_MATCH = YES;
				COPY_PHASE_STRIP = NO;
				DEBUG_INFORMATION_FORMAT = "dwarf-with-dsym";
				ENABLE_NS_ASSERTIONS = NO;
				ENABLE_STRICT_OBJC_MSGSEND = YES;
				GCC_C_LANGUAGE_STANDARD = gnu11;
				GCC_NO_COMMON_BLOCKS = YES;
				GCC_WARN_64_TO_32_BIT_CONVERSION = YES;
				GCC_WARN_ABOUT_RETURN_TYPE = YES_ERROR;
				GCC_WARN_UNDECLARED_SELECTOR = YES;
				GCC_WARN_UNINITIALIZED_AUTOS = YES_AGGRESSIVE;
				GCC_WARN_UNUSED_FUNCTION = YES;
				GCC_WARN_UNUSED_VARIABLE = YES;
				IPHONEOS_DEPLOYMENT_TARGET = 14.5;
				MTL_ENABLE_DEBUG_INFO = NO;
				MTL_FAST_MATH = YES;
				SDKROOT = iphoneos;
				SWIFT_COMPILATION_MODE = wholemodule;
				SWIFT_OPTIMIZATION_LEVEL = "-O";
				VALIDATE_PRODUCT = YES;
			};
			name = Release;
		};
		A5CFE6B82B9C89C500073B82 /* Debug */ = {
			isa = XCBuildConfiguration;
			buildSettings = {
				ASSETCATALOG_COMPILER_APPICON_NAME = AppIcon;
				ASSETCATALOG_COMPILER_GLOBAL_ACCENT_COLOR_NAME = AccentColor;
				CODE_SIGN_STYLE = Automatic;
				INFOPLIST_FILE = CodeChallengeEP/Info.plist;
				LD_RUNPATH_SEARCH_PATHS = (
					"$(inherited)",
					"@executable_path/Frameworks",
				);
				PRODUCT_BUNDLE_IDENTIFIER = SammyCalle.CodeChallengeEP;
				PRODUCT_NAME = "$(TARGET_NAME)";
				SWIFT_VERSION = 5.0;
				TARGETED_DEVICE_FAMILY = "1,2";
			};
			name = Debug;
		};
		A5CFE6B92B9C89C500073B82 /* Release */ = {
			isa = XCBuildConfiguration;
			buildSettings = {
				ASSETCATALOG_COMPILER_APPICON_NAME = AppIcon;
				ASSETCATALOG_COMPILER_GLOBAL_ACCENT_COLOR_NAME = AccentColor;
				CODE_SIGN_STYLE = Automatic;
				INFOPLIST_FILE = CodeChallengeEP/Info.plist;
				LD_RUNPATH_SEARCH_PATHS = (
					"$(inherited)",
					"@executable_path/Frameworks",
				);
				PRODUCT_BUNDLE_IDENTIFIER = SammyCalle.CodeChallengeEP;
				PRODUCT_NAME = "$(TARGET_NAME)";
				SWIFT_VERSION = 5.0;
				TARGETED_DEVICE_FAMILY = "1,2";
			};
			name = Release;
		};
/* End XCBuildConfiguration section */

/* Begin XCConfigurationList section */
		A5CFE69E2B9C89C400073B82 /* Build configuration list for PBXProject "CodeChallengeEP" */ = {
			isa = XCConfigurationList;
			buildConfigurations = (
				A5CFE6B52B9C89C500073B82 /* Debug */,
				A5CFE6B62B9C89C500073B82 /* Release */,
			);
			defaultConfigurationIsVisible = 0;
			defaultConfigurationName = Release;
		};
		A5CFE6B72B9C89C500073B82 /* Build configuration list for PBXNativeTarget "CodeChallengeEP" */ = {
			isa = XCConfigurationList;
			buildConfigurations = (
				A5CFE6B82B9C89C500073B82 /* Debug */,
				A5CFE6B92B9C89C500073B82 /* Release */,
			);
			defaultConfigurationIsVisible = 0;
			defaultConfigurationName = Release;
		};
/* End XCConfigurationList section */
	};
	rootObject = A5CFE69B2B9C89C400073B82 /* Project object */;
}
